<Solution>
  <Folder Name="/OOP Tasks/">
    <Project Path="Library Management System/Library Management System.csproj" Id="abc7afb9-6765-4598-a852-68f49be81f3d" />
  </Folder>
  <Project Path="Converter/Converter.csproj" Id="e565ebce-7189-4f00-a6ca-2951b0957c08" />
  <Project Path="Dice Game/Dice Game.csproj" />
  <Project Path="Hangman Game/Hangman Game.csproj" Id="1e7e4916-4c78-4d61-aa35-8b551910e83e" />
  <Project Path="Inventory Management System/Inventory Management System.csproj" Id="d179ebb4-bfa7-448f-982f-22fda6f970bc" />
  <Project Path="Math Expression Evaluator v2.0/Math Expression Evaluator v2.0.csproj" Id="d38ce226-4202-4786-a8f7-b0dc50f031cf" />
  <Project Path="Memory Match Game/Memory Match Game.csproj" Id="08c0266a-e0ae-4722-9f87-9fc9c2325d46" />
  <Project Path="Number Guessing Game/Number Guessing Game.csproj" />
  <Project Path="Password Manager/Password Manager.csproj" Id="1ab5fbc3-2341-4a09-a83c-ad78c58a1a68" />
  <Project Path="Quiz Game/Quiz Game.csproj" Id="cabe2ea7-f9d1-46a7-bbcb-22225cfe356a" />
  <Project Path="Random Values Generator/Random Values Generator.csproj" Id="14d3523d-3e2b-438c-89d8-da62f3000e03" />
  <Project Path="RPS Game/RPS Game.csproj" Id="cd1fd248-c120-4237-9a70-053687004552" />
  <Project Path="Simple Math Expression Evaluator/Simple Math Expression Evaluator.csproj" Id="d403272d-01ed-4845-9215-7893a49a11d5" />
  <Project Path="Simple ToDoList/Simple ToDoList.csproj" Id="33f8a223-a39e-4978-9471-31fbc19f1956" />
  <Project Path="Snake Game/Snake Game.csproj" Id="d4acc6a8-332a-48f2-b7be-438878fc7665" />
  <Project Path="TicTacToe/TicTacToe.csproj" Id="2fb5018c-6c1d-479c-86df-bb2a0f29ee50" />
</Solution>
